// !$*UTF8*$!
{
	archiveVersion = 1;
	classes = {
	};
	objectVersion = 48;
	objects = {

/* Begin PBXBuildFile section */
		2519126C21DEEF29004E97B4 /* Meme.swift in Sources */ = {isa = PBXBuildFile; fileRef = 2519126B21DEEF29004E97B4 /* Meme.swift */; };
		2519127721E021A5004E97B4 /* SentMemesTableViewController.swift in Sources */ = {isa = PBXBuildFile; fileRef = 2519127621E021A5004E97B4 /* SentMemesTableViewController.swift */; };
		2519127921E037AE004E97B4 /* MemeDetailViewController.swift in Sources */ = {isa = PBXBuildFile; fileRef = 2519127821E037AE004E97B4 /* MemeDetailViewController.swift */; };
		2519127C21E03DE9004E97B4 /* SentMemesTableViewCell.swift in Sources */ = {isa = PBXBuildFile; fileRef = 2519127B21E03DE9004E97B4 /* SentMemesTableViewCell.swift */; };
		2519127E21E04D86004E97B4 /* Impact.ttf in Resources */ = {isa = PBXBuildFile; fileRef = 2519127D21E04D86004E97B4 /* Impact.ttf */; };
		2519128021E063DE004E97B4 /* SentMemesCollectionViewCell.swift in Sources */ = {isa = PBXBuildFile; fileRef = 2519127F21E063DE004E97B4 /* SentMemesCollectionViewCell.swift */; };
		25DD05E721B6115E0097DC93 /* AppDelegate.swift in Sources */ = {isa = PBXBuildFile; fileRef = 25DD05E621B6115E0097DC93 /* AppDelegate.swift */; };
		25DD05E921B6115E0097DC93 /* MemeEditorViewController.swift in Sources */ = {isa = PBXBuildFile; fileRef = 25DD05E821B6115E0097DC93 /* MemeEditorViewController.swift */; };
		25DD05EC21B6115E0097DC93 /* Main.storyboard in Resources */ = {isa = PBXBuildFile; fileRef = 25DD05EA21B6115E0097DC93 /* Main.storyboard */; };
		25DD05EE21B611600097DC93 /* Assets.xcassets in Resources */ = {isa = PBXBuildFile; fileRef = 25DD05ED21B611600097DC93 /* Assets.xcassets */; };
		25DD05F121B611600097DC93 /* LaunchScreen.storyboard in Resources */ = {isa = PBXBuildFile; fileRef = 25DD05EF21B611600097DC93 /* LaunchScreen.storyboard */; };
		25DD05F921B62CAA0097DC93 /* MyTextFieldDelegate.swift in Sources */ = {isa = PBXBuildFile; fileRef = 25DD05F821B62CAA0097DC93 /* MyTextFieldDelegate.swift */; };
/* End PBXBuildFile section */

/* Begin PBXFileReference section */
		2519126B21DEEF29004E97B4 /* Meme.swift */ = {isa = PBXFileReference; lastKnownFileType = sourcecode.swift; path = Meme.swift; sourceTree = "<group>"; };
		2519127621E021A5004E97B4 /* SentMemesTableViewController.swift */ = {isa = PBXFileReference; lastKnownFileType = sourcecode.swift; path = SentMemesTableViewController.swift; sourceTree = "<group>"; };
		2519127821E037AE004E97B4 /* MemeDetailViewController.swift */ = {isa = PBXFileReference; lastKnownFileType = sourcecode.swift; path = MemeDetailViewController.swift; sourceTree = "<group>"; };
		2519127B21E03DE9004E97B4 /* SentMemesTableViewCell.swift */ = {isa = PBXFileReference; lastKnownFileType = sourcecode.swift; path = SentMemesTableViewCell.swift; sourceTree = "<group>"; };
		2519127D21E04D86004E97B4 /* Impact.ttf */ = {isa = PBXFileReference; lastKnownFileType = file; path = Impact.ttf; sourceTree = "<group>"; };
		2519127F21E063DE004E97B4 /* SentMemesCollectionViewCell.swift */ = {isa = PBXFileReference; lastKnownFileType = sourcecode.swift; path = SentMemesCollectionViewCell.swift; sourceTree = "<group>"; };
		25DD05E321B6115E0097DC93 /* MemeMe.app */ = {isa = PBXFileReference; explicitFileType = wrapper.application; includeInIndex = 0; path = MemeMe.app; sourceTree = BUILT_PRODUCTS_DIR; };
		25DD05E621B6115E0097DC93 /* AppDelegate.swift */ = {isa = PBXFileReference; lastKnownFileType = sourcecode.swift; path = AppDelegate.swift; sourceTree = "<group>"; };
		25DD05E821B6115E0097DC93 /* MemeEditorViewController.swift */ = {isa = PBXFileReference; lastKnownFileType = sourcecode.swift; path = MemeEditorViewController.swift; sourceTree = "<group>"; };
		25DD05EB21B6115E0097DC93 /* Base */ = {isa = PBXFileReference; lastKnownFileType = file.storyboard; name = Base; path = Base.lproj/Main.storyboard; sourceTree = "<group>"; };
		25DD05ED21B611600097DC93 /* Assets.xcassets */ = {isa = PBXFileReference; lastKnownFileType = folder.assetcatalog; path = Assets.xcassets; sourceTree = "<group>"; };
		25DD05F021B611600097DC93 /* Base */ = {isa = PBXFileReference; lastKnownFileType = file.storyboard; name = Base; path = Base.lproj/LaunchScreen.storyboard; sourceTree = "<group>"; };
		25DD05F221B611600097DC93 /* Info.plist */ = {isa = PBXFileReference; lastKnownFileType = text.plist.xml; path = Info.plist; sourceTree = "<group>"; };
		25DD05F821B62CAA0097DC93 /* MyTextFieldDelegate.swift */ = {isa = PBXFileReference; lastKnownFileType = sourcecode.swift; path = MyTextFieldDelegate.swift; sourceTree = "<group>"; };
/* End PBXFileReference section */

/* Begin PBXFrameworksBuildPhase section */
		25DD05E021B6115E0097DC93 /* Frameworks */ = {
			isa = PBXFrameworksBuildPhase;
			buildActionMask = 2147483647;
			files = (
			);
			runOnlyForDeploymentPostprocessing = 0;
		};
/* End PBXFrameworksBuildPhase section */

/* Begin PBXGroup section */
		2519127521E02185004E97B4 /* Controller */ = {
			isa = PBXGroup;
			children = (
				25DD05E821B6115E0097DC93 /* MemeEditorViewController.swift */,
				2519127621E021A5004E97B4 /* SentMemesTableViewController.swift */,
				2519127821E037AE004E97B4 /* MemeDetailViewController.swift */,
			);
			path = Controller;
			sourceTree = "<group>";
		};
		2519127A21E03DC1004E97B4 /* View */ = {
			isa = PBXGroup;
			children = (
				2519127B21E03DE9004E97B4 /* SentMemesTableViewCell.swift */,
				2519127F21E063DE004E97B4 /* SentMemesCollectionViewCell.swift */,
			);
			path = View;
			sourceTree = "<group>";
		};
		25DD05DA21B6115E0097DC93 = {
			isa = PBXGroup;
			children = (
				25DD05E521B6115E0097DC93 /* MemeMe */,
				25DD05E421B6115E0097DC93 /* Products */,
			);
			sourceTree = "<group>";
		};
		25DD05E421B6115E0097DC93 /* Products */ = {
			isa = PBXGroup;
			children = (
				25DD05E321B6115E0097DC93 /* MemeMe.app */,
			);
			name = Products;
			sourceTree = "<group>";
		};
		25DD05E521B6115E0097DC93 /* MemeMe */ = {
			isa = PBXGroup;
			children = (
				2519127A21E03DC1004E97B4 /* View */,
				2519127521E02185004E97B4 /* Controller */,
				25DD05E621B6115E0097DC93 /* AppDelegate.swift */,
				25DD05EA21B6115E0097DC93 /* Main.storyboard */,
				25DD05ED21B611600097DC93 /* Assets.xcassets */,
				25DD05EF21B611600097DC93 /* LaunchScreen.storyboard */,
				25DD05F221B611600097DC93 /* Info.plist */,
				25DD05F821B62CAA0097DC93 /* MyTextFieldDelegate.swift */,
				2519126B21DEEF29004E97B4 /* Meme.swift */,
				2519127D21E04D86004E97B4 /* Impact.ttf */,
			);
			path = MemeMe;
			sourceTree = "<group>";
		};
/* End PBXGroup section */

/* Begin PBXNativeTarget section */
		25DD05E221B6115E0097DC93 /* MemeMe */ = {
			isa = PBXNativeTarget;
			buildConfigurationList = 25DD05F521B611600097DC93 /* Build configuration list for PBXNativeTarget "MemeMe" */;
			buildPhases = (
				25DD05DF21B6115E0097DC93 /* Sources */,
				25DD05E021B6115E0097DC93 /* Frameworks */,
				25DD05E121B6115E0097DC93 /* Resources */,
			);
			buildRules = (
			);
			dependencies = (
			);
			name = MemeMe;
			productName = MemeMe;
			productReference = 25DD05E321B6115E0097DC93 /* MemeMe.app */;
			productType = "com.apple.product-type.application";
		};
/* End PBXNativeTarget section */

/* Begin PBXProject section */
		25DD05DB21B6115E0097DC93 /* Project object */ = {
			isa = PBXProject;
			attributes = {
				LastSwiftUpdateCheck = 1010;
				LastUpgradeCheck = 1010;
				ORGANIZATIONNAME = "Mario Cezzare";
				TargetAttributes = {
					25DD05E221B6115E0097DC93 = {
						CreatedOnToolsVersion = 10.1;
						ProvisioningStyle = Automatic;
					};
				};
			};
			buildConfigurationList = 25DD05DE21B6115E0097DC93 /* Build configuration list for PBXProject "MemeMe" */;
			compatibilityVersion = "Xcode 8.0";
			developmentRegion = en;
			hasScannedForEncodings = 0;
			knownRegions = (
				en,
				Base,
			);
			mainGroup = 25DD05DA21B6115E0097DC93;
			productRefGroup = 25DD05E421B6115E0097DC93 /* Products */;
			projectDirPath = "";
			projectRoot = "";
			targets = (
				25DD05E221B6115E0097DC93 /* MemeMe */,
			);
		};
/* End PBXProject section */

/* Begin PBXResourcesBuildPhase section */
		25DD05E121B6115E0097DC93 /* Resources */ = {
			isa = PBXResourcesBuildPhase;
			buildActionMask = 2147483647;
			files = (
				2519127E21E04D86004E97B4 /* Impact.ttf in Resources */,
				25DD05F121B611600097DC93 /* LaunchScreen.storyboard in Resources */,
				25DD05EE21B611600097DC93 /* Assets.xcassets in Resources */,
				25DD05EC21B6115E0097DC93 /* Main.storyboard in Resources */,
			);
			runOnlyForDeploymentPostprocessing = 0;
		};
/* End PBXResourcesBuildPhase section */

/* Begin PBXSourcesBuildPhase section */
		25DD05DF21B6115E0097DC93 /* Sources */ = {
			isa = PBXSourcesBuildPhase;
			buildActionMask = 2147483647;
			files = (
				25DD05E921B6115E0097DC93 /* MemeEditorViewController.swift in Sources */,
				2519126C21DEEF29004E97B4 /* Meme.swift in Sources */,
				25DD05F921B62CAA0097DC93 /* MyTextFieldDelegate.swift in Sources */,
				2519127C21E03DE9004E97B4 /* SentMemesTableViewCell.swift in Sources */,
				2519128021E063DE004E97B4 /* SentMemesCollectionViewCell.swift in Sources */,
				2519127921E037AE004E97B4 /* MemeDetailViewController.swift in Sources */,
				2519127721E021A5004E97B4 /* SentMemesTableViewController.swift in Sources */,
				25DD05E721B6115E0097DC93 /* AppDelegate.swift in Sources */,
			);
			runOnlyForDeploymentPostprocessing = 0;
		};
/* End PBXSourcesBuildPhase section */

/* Begin PBXVariantGroup section */
		25DD05EA21B6115E0097DC93 /* Main.storyboard */ = {
			isa = PBXVariantGroup;
			children = (
				25DD05EB21B6115E0097DC93 /* Base */,
			);
			name = Main.storyboard;
			sourceTree = "<group>";
		};
		25DD05EF21B611600097DC93 /* LaunchScreen.storyboard */ = {
			isa = PBXVariantGroup;
			children = (
				25DD05F021B611600097DC93 /* Base */,
			);
			name = LaunchScreen.storyboard;
			sourceTree = "<group>";
		};
/* End PBXVariantGroup section */

/* Begin XCBuildConfiguration section */
		25DD05F321B611600097DC93 /* Debug */ = {
			isa = XCBuildConfiguration;
			buildSettings = {
				ALWAYS_SEARCH_USER_PATHS = NO;
				CLANG_ANALYZER_NONNULL = YES;
				CLANG_ANALYZER_NUMBER_OBJECT_CONVERSION = YES_AGGRESSIVE;
				CLANG_CXX_LANGUAGE_STANDARD = "gnu++14";
				CLANG_CXX_LIBRARY = "libc++";
				CLANG_ENABLE_MODULES = YES;
				CLANG_ENABLE_OBJC_ARC = YES;
				CLANG_ENABLE_OBJC_WEAK = YES;
				CLANG_WARN_BLOCK_CAPTURE_AUTORELEASING = YES;
				CLANG_WARN_BOOL_CONVERSION = YES;
				CLANG_WARN_COMMA = YES;
				CLANG_WARN_CONSTANT_CONVERSION = YES;
				CLANG_WARN_DEPRECATED_OBJC_IMPLEMENTATIONS = YES;
				CLANG_WARN_DIRECT_OBJC_ISA_USAGE = YES_ERROR;
				CLANG_WARN_DOCUMENTATION_COMMENTS = YES;
				CLANG_WARN_EMPTY_BODY = YES;
				CLANG_WARN_ENUM_CONVERSION = YES;
				CLANG_WARN_INFINITE_RECURSION = YES;
				CLANG_WARN_INT_CONVERSION = YES;
				CLANG_WARN_NON_LITERAL_NULL_CONVERSION = YES;
				CLANG_WARN_OBJC_IMPLICIT_RETAIN_SELF = YES;
				CLANG_WARN_OBJC_LITERAL_CONVERSION = YES;
				CLANG_WARN_OBJC_ROOT_CLASS = YES_ERROR;
				CLANG_WARN_RANGE_LOOP_ANALYSIS = YES;
				CLANG_WARN_STRICT_PROTOTYPES = YES;
				CLANG_WARN_SUSPICIOUS_MOVE = YES;
				CLANG_WARN_UNGUARDED_AVAILABILITY = YES_AGGRESSIVE;
				CLANG_WARN_UNREACHABLE_CODE = YES;
				CLANG_WARN__DUPLICATE_METHOD_MATCH = YES;
				CODE_SIGN_IDENTITY = "iPhone Developer";
				COPY_PHASE_STRIP = NO;
				DEBUG_INFORMATION_FORMAT = dwarf;
				ENABLE_STRICT_OBJC_MSGSEND = YES;
				ENABLE_TESTABILITY = YES;
				GCC_C_LANGUAGE_STANDARD = gnu11;
				GCC_DYNAMIC_NO_PIC = NO;
				GCC_NO_COMMON_BLOCKS = YES;
				GCC_OPTIMIZATION_LEVEL = 0;
				GCC_PREPROCESSOR_DEFINITIONS = (
					"DEBUG=1",
					"$(inherited)",
				);
				GCC_WARN_64_TO_32_BIT_CONVERSION = YES;
				GCC_WARN_ABOUT_RETURN_TYPE = YES_ERROR;
				GCC_WARN_UNDECLARED_SELECTOR = YES;
				GCC_WARN_UNINITIALIZED_AUTOS = YES_AGGRESSIVE;
				GCC_WARN_UNUSED_FUNCTION = YES;
				GCC_WARN_UNUSED_VARIABLE = YES;
				IPHONEOS_DEPLOYMENT_TARGET = 12.1;
				MTL_ENABLE_DEBUG_INFO = INCLUDE_SOURCE;
				MTL_FAST_MATH = YES;
				ONLY_ACTIVE_ARCH = YES;
				SDKROOT = iphoneos;
				SWIFT_ACTIVE_COMPILATION_CONDITIONS = DEBUG;
				SWIFT_OPTIMIZATION_LEVEL = "-Onone";
			};
			name = Debug;
		};
		25DD05F421B611600097DC93 /* Release */ = {
			isa = XCBuildConfiguration;
			buildSettings = {
				ALWAYS_SEARCH_USER_PATHS = NO;
				CLANG_ANALYZER_NONNULL = YES;
				CLANG_ANALYZER_NUMBER_OBJECT_CONVERSION = YES_AGGRESSIVE;
				CLANG_CXX_LANGUAGE_STANDARD = "gnu++14";
				CLANG_CXX_LIBRARY = "libc++";
				CLANG_ENABLE_MODULES = YES;
				CLANG_ENABLE_OBJC_ARC = YES;
				CLANG_ENABLE_OBJC_WEAK = YES;
				CLANG_WARN_BLOCK_CAPTURE_AUTORELEASING = YES;
				CLANG_WARN_BOOL_CONVERSION = YES;
				CLANG_WARN_COMMA = YES;
				CLANG_WARN_CONSTANT_CONVERSION = YES;
				CLANG_WARN_DEPRECATED_OBJC_IMPLEMENTATIONS = YES;
				CLANG_WARN_DIRECT_OBJC_ISA_USAGE = YES_ERROR;
				CLANG_WARN_DOCUMENTATION_COMMENTS = YES;
				CLANG_WARN_EMPTY_BODY = YES;
				CLANG_WARN_ENUM_CONVERSION = YES;
				CLANG_WARN_INFINITE_RECURSION = YES;
				CLANG_WARN_INT_CONVERSION = YES;
				CLANG_WARN_NON_LITERAL_NULL_CONVERSION = YES;
				CLANG_WARN_OBJC_IMPLICIT_RETAIN_SELF = YES;
				CLANG_WARN_OBJC_LITERAL_CONVERSION = YES;
				CLANG_WARN_OBJC_ROOT_CLASS = YES_ERROR;
				CLANG_WARN_RANGE_LOOP_ANALYSIS = YES;
				CLANG_WARN_STRICT_PROTOTYPES = YES;
				CLANG_WARN_SUSPICIOUS_MOVE = YES;
				CLANG_WARN_UNGUARDED_AVAILABILITY = YES_AGGRESSIVE;
				CLANG_WARN_UNREACHABLE_CODE = YES;
				CLANG_WARN__DUPLICATE_METHOD_MATCH = YES;
				CODE_SIGN_IDENTITY = "iPhone Developer";
				COPY_PHASE_STRIP = NO;
				DEBUG_INFORMATION_FORMAT = "dwarf-with-dsym";
				ENABLE_NS_ASSERTIONS = NO;
				ENABLE_STRICT_OBJC_MSGSEND = YES;
				GCC_C_LANGUAGE_STANDARD = gnu11;
				GCC_NO_COMMON_BLOCKS = YES;
				GCC_WARN_64_TO_32_BIT_CONVERSION = YES;
				GCC_WARN_ABOUT_RETURN_TYPE = YES_ERROR;
				GCC_WARN_UNDECLARED_SELECTOR = YES;
				GCC_WARN_UNINITIALIZED_AUTOS = YES_AGGRESSIVE;
				GCC_WARN_UNUSED_FUNCTION = YES;
				GCC_WARN_UNUSED_VARIABLE = YES;
				IPHONEOS_DEPLOYMENT_TARGET = 12.1;
				MTL_ENABLE_DEBUG_INFO = NO;
				MTL_FAST_MATH = YES;
				SDKROOT = iphoneos;
				SWIFT_OPTIMIZATION_LEVEL = "-Owholemodule";
				VALIDATE_PRODUCT = YES;
			};
			name = Release;
		};
		25DD05F621B611600097DC93 /* Debug */ = {
			isa = XCBuildConfiguration;
			buildSettings = {
				ASSETCATALOG_COMPILER_APPICON_NAME = AppIcon;
				CODE_SIGN_STYLE = Automatic;
				DEVELOPMENT_TEAM = M6YDSPW3AG;
				INFOPLIST_FILE = MemeMe/Info.plist;
				IPHONEOS_DEPLOYMENT_TARGET = 11.1;
				LD_RUNPATH_SEARCH_PATHS = "$(inherited) @executable_path/Frameworks";
				PRODUCT_BUNDLE_IDENTIFIER = com.mcezzare.MemeMe;
				PRODUCT_NAME = "$(TARGET_NAME)";
				SWIFT_VERSION = 4.0;
				TARGETED_DEVICE_FAMILY = "1,2";
			};
			name = Debug;
		};
		25DD05F721B611600097DC93 /* Release */ = {
			isa = XCBuildConfiguration;
			buildSettings = {
				ASSETCATALOG_COMPILER_APPICON_NAME = AppIcon;
				CODE_SIGN_STYLE = Automatic;
				DEVELOPMENT_TEAM = M6YDSPW3AG;
				INFOPLIST_FILE = MemeMe/Info.plist;
				IPHONEOS_DEPLOYMENT_TARGET = 11.1;
				LD_RUNPATH_SEARCH_PATHS = "$(inherited) @executable_path/Frameworks";
				PRODUCT_BUNDLE_IDENTIFIER = com.mcezzare.MemeMe;
				PRODUCT_NAME = "$(TARGET_NAME)";
				SWIFT_VERSION = 4.0;
				TARGETED_DEVICE_FAMILY = "1,2";
			};
			name = Release;
		};
/* End XCBuildConfiguration section */

/* Begin XCConfigurationList section */
		25DD05DE21B6115E0097DC93 /* Build configuration list for PBXProject "MemeMe" */ = {
			isa = XCConfigurationList;
			buildConfigurations = (
				25DD05F321B611600097DC93 /* Debug */,
				25DD05F421B611600097DC93 /* Release */,
			);
			defaultConfigurationIsVisible = 0;
			defaultConfigurationName = Release;
		};
		25DD05F521B611600097DC93 /* Build configuration list for PBXNativeTarget "MemeMe" */ = {
			isa = XCConfigurationList;
			buildConfigurations = (
				25DD05F621B611600097DC93 /* Debug */,
				25DD05F721B611600097DC93 /* Release */,
			);
			defaultConfigurationIsVisible = 0;
			defaultConfigurationName = Release;
		};
/* End XCConfigurationList section */
	};
	rootObject = 25DD05DB21B6115E0097DC93 /* Project object */;
}
